
Microsoft Visual Studio Solution File, Format Version 12.00
# Visual Studio Version 17
VisualStudioVersion = 17.5.33530.505
MinimumVisualStudioVersion = 10.0.40219.1
Project("{F184B08F-C81C-45F6-A57F-5ABD9991F28F}") = "basic_datatypes(vb.net)", "basic_datatypes(vb.net).vbproj", "{BB9A936B-E81E-4D8F-AC94-80E85415C001}"
EndProject
Global
	GlobalSection(SolutionConfigurationPlatforms) = preSolution
		Debug|Any CPU = Debug|Any CPU
		Release|Any CPU = Release|Any CPU
	EndGlobalSection
	GlobalSection(ProjectConfigurationPlatforms) = postSolution
		{BB9A936B-E81E-4D8F-AC94-80E85415C001}.Debug|Any CPU.ActiveCfg = Debug|Any CPU
		{BB9A936B-E81E-4D8F-AC94-80E85415C001}.Debug|Any CPU.Build.0 = Debug|Any CPU
		{BB9A936B-E81E-4D8F-AC94-80E85415C001}.Release|Any CPU.ActiveCfg = Release|Any CPU
		{BB9A936B-E81E-4D8F-AC94-80E85415C001}.Release|Any CPU.Build.0 = Release|Any CPU
	EndGlobalSection
	GlobalSection(SolutionProperties) = preSolution
		HideSolutionNode = FALSE
	EndGlobalSection
	GlobalSection(ExtensibilityGlobals) = postSolution
		SolutionGuid = {6A86F5F8-8306-4DE8-B830-4BCC9F689112}
	EndGlobalSection
EndGlobal
